# This file is automatically @generated by Cargo.
# It is not intended for manual editing.
version = 4

[[package]]
name = "allocator-api2"
version = "0.2.21"
source = "registry+https://github.com/rust-lang/crates.io-index"
checksum = "683d7910e743518b0e34f1186f92494becacb047c7b6bf616c96772180fef923"

[[package]]
name = "bitflags"
version = "2.6.0"
source = "registry+https://github.com/rust-lang/crates.io-index"
checksum = "b048fb63fd8b5923fc5aa7b340d8e156aec7ec02f0c78fa8a6ddc2613f6f71de"

[[package]]
name = "bumpalo"
version = "3.16.0"
source = "registry+https://github.com/rust-lang/crates.io-index"
checksum = "79296716171880943b8470b5f8d03aa55eb2e645a4874bdbb28adb49162e012c"

[[package]]
name = "byteorder"
version = "1.5.0"
source = "registry+https://github.com/rust-lang/crates.io-index"
checksum = "1fd0f2584146f6f2ef48085050886acf353beff7305ebd1ae69500e27c67f64b"

[[package]]
name = "cfg-if"
version = "1.0.0"
source = "registry+https://github.com/rust-lang/crates.io-index"
checksum = "baf1de4339761588bc0619e3cbc0120ee582ebb74b53b4efbf79117bd2da40fd"

[[package]]
name = "cssparser"
version = "0.35.0"
source = "registry+https://github.com/rust-lang/crates.io-index"
checksum = "4e901edd733a1472f944a45116df3f846f54d37e67e68640ac8bb69689aca2aa"
dependencies = [
 "cssparser-macros",
 "dtoa-short",
 "itoa",
 "phf",
 "smallvec",
]

[[package]]
name = "cssparser-macros"
version = "0.6.1"
source = "registry+https://github.com/rust-lang/crates.io-index"
checksum = "13b588ba4ac1a99f7f2964d24b3d896ddc6bf847ee3855dbd4366f058cfcd331"
dependencies = [
 "quote",
 "syn",
]

[[package]]
name = "derive_more"
version = "0.99.18"
source = "registry+https://github.com/rust-lang/crates.io-index"
checksum = "5f33878137e4dafd7fa914ad4e259e18a4e8e532b9617a2d0150262bf53abfce"
dependencies = [
 "proc-macro2",
 "quote",
 "syn",
]

[[package]]
name = "dtoa"
version = "1.0.9"
source = "registry+https://github.com/rust-lang/crates.io-index"
checksum = "dcbb2bf8e87535c23f7a8a321e364ce21462d0ff10cb6407820e8e96dfff6653"

[[package]]
name = "dtoa-short"
version = "0.3.5"
source = "registry+https://github.com/rust-lang/crates.io-index"
checksum = "cd1511a7b6a56299bd043a9c167a6d2bfb37bf84a6dfceaba651168adfb43c87"
dependencies = [
 "dtoa",
]

[[package]]
name = "encoding_rs"
version = "0.8.35"
source = "registry+https://github.com/rust-lang/crates.io-index"
checksum = "75030f3c4f45dafd7586dd6780965a8c7e8e285a5ecb86713e63a79c5b2766f3"
dependencies = [
 "cfg-if",
]

[[package]]
name = "equivalent"
version = "1.0.1"
source = "registry+https://github.com/rust-lang/crates.io-index"
checksum = "5443807d6dff69373d433ab9ef5378ad8df50ca6298caf15de6e52e24aaf54d5"

[[package]]
name = "foldhash"
version = "0.1.4"
source = "registry+https://github.com/rust-lang/crates.io-index"
checksum = "a0d2fde1f7b3d48b8395d5f2de76c18a528bd6a9cdde438df747bfcba3e05d6f"

[[package]]
name = "fxhash"
version = "0.2.1"
source = "registry+https://github.com/rust-lang/crates.io-index"
checksum = "c31b6d751ae2c7f11320402d34e41349dd1016f8d5d45e48c4312bc8625af50c"
dependencies = [
 "byteorder",
]

[[package]]
name = "hashbrown"
version = "0.15.2"
source = "registry+https://github.com/rust-lang/crates.io-index"
checksum = "bf151400ff0baff5465007dd2f3e717f3fe502074ca563069ce3a6629d07b289"
dependencies = [
 "allocator-api2",
 "equivalent",
 "foldhash",
]

[[package]]
name = "itoa"
version = "1.0.14"
source = "registry+https://github.com/rust-lang/crates.io-index"
checksum = "d75a2a4b1b190afb6f5425f10f6a8f959d2ea0b9c2b1d79553551850539e4674"

[[package]]
name = "js-sys"
version = "0.3.76"
source = "registry+https://github.com/rust-lang/crates.io-index"
checksum = "6717b6b5b077764fb5966237269cb3c64edddde4b14ce42647430a78ced9e7b7"
dependencies = [
 "once_cell",
 "wasm-bindgen",
]

[[package]]
name = "log"
version = "0.4.22"
source = "registry+https://github.com/rust-lang/crates.io-index"
checksum = "a7a70ba024b9dc04c27ea2f0c0548feb474ec5c54bba33a7f72f873a39d07b24"

[[package]]
name = "lol-html"
version = "2.3.0"
dependencies = [
 "encoding_rs",
 "js-sys",
 "lol_html",
 "serde",
 "serde-wasm-bindgen",
 "servo_arc",
 "thiserror",
 "wasm-bindgen",
]

[[package]]
name = "lol_html"
version = "2.3.0"
dependencies = [
 "bitflags",
 "cfg-if",
 "cssparser",
 "encoding_rs",
 "hashbrown",
 "memchr",
 "mime",
 "precomputed-hash",
 "selectors",
 "thiserror",
]

[[package]]
name = "memchr"
version = "2.7.4"
source = "registry+https://github.com/rust-lang/crates.io-index"
checksum = "78ca9ab1a0babb1e7d5695e3530886289c18cf2f87ec19a575a0abdce112e3a3"

[[package]]
name = "mime"
version = "0.3.17"
source = "registry+https://github.com/rust-lang/crates.io-index"
checksum = "6877bb514081ee2a7ff5ef9de3281f14a4dd4bceac4c09388074a6b5df8a139a"

[[package]]
name = "new_debug_unreachable"
version = "1.0.6"
source = "registry+https://github.com/rust-lang/crates.io-index"
checksum = "650eef8c711430f1a879fdd01d4745a7deea475becfb90269c06775983bbf086"

[[package]]
name = "once_cell"
version = "1.20.2"
source = "registry+https://github.com/rust-lang/crates.io-index"
checksum = "1261fe7e33c73b354eab43b1273a57c8f967d0391e80353e51f764ac02cf6775"

[[package]]
name = "phf"
version = "0.11.3"
source = "registry+https://github.com/rust-lang/crates.io-index"
checksum = "1fd6780a80ae0c52cc120a26a1a42c1ae51b247a253e4e06113d23d2c2edd078"
dependencies = [
 "phf_macros",
 "phf_shared",
]

[[package]]
name = "phf_codegen"
version = "0.11.3"
source = "registry+https://github.com/rust-lang/crates.io-index"
checksum = "aef8048c789fa5e851558d709946d6d79a8ff88c0440c587967f8e94bfb1216a"
dependencies = [
 "phf_generator",
 "phf_shared",
]

[[package]]
name = "phf_generator"
version = "0.11.3"
source = "registry+https://github.com/rust-lang/crates.io-index"
checksum = "3c80231409c20246a13fddb31776fb942c38553c51e871f8cbd687a4cfb5843d"
dependencies = [
 "phf_shared",
 "rand",
]

[[package]]
name = "phf_macros"
version = "0.11.3"
source = "registry+https://github.com/rust-lang/crates.io-index"
checksum = "f84ac04429c13a7ff43785d75ad27569f2951ce0ffd30a3321230db2fc727216"
dependencies = [
 "phf_generator",
 "phf_shared",
 "proc-macro2",
 "quote",
 "syn",
]

[[package]]
name = "phf_shared"
version = "0.11.3"
source = "registry+https://github.com/rust-lang/crates.io-index"
checksum = "67eabc2ef2a60eb7faa00097bd1ffdb5bd28e62bf39990626a582201b7a754e5"
dependencies = [
 "siphasher",
]

[[package]]
name = "precomputed-hash"
version = "0.1.1"
source = "registry+https://github.com/rust-lang/crates.io-index"
checksum = "925383efa346730478fb4838dbe9137d2a47675ad789c546d150a6e1dd4ab31c"

[[package]]
name = "proc-macro2"
version = "1.0.92"
source = "registry+https://github.com/rust-lang/crates.io-index"
checksum = "37d3544b3f2748c54e147655edb5025752e2303145b5aefb3c3ea2c78b973bb0"
dependencies = [
 "unicode-ident",
]

[[package]]
name = "quote"
version = "1.0.38"
source = "registry+https://github.com/rust-lang/crates.io-index"
checksum = "0e4dccaaaf89514f546c693ddc140f729f958c247918a13380cccc6078391acc"
dependencies = [
 "proc-macro2",
]

[[package]]
name = "rand"
version = "0.8.5"
source = "registry+https://github.com/rust-lang/crates.io-index"
checksum = "34af8d1a0e25924bc5b7c43c079c942339d8f0a8b57c39049bef581b46327404"
dependencies = [
 "rand_core",
]

[[package]]
name = "rand_core"
version = "0.6.4"
source = "registry+https://github.com/rust-lang/crates.io-index"
checksum = "ec0be4795e2f6a28069bec0b5ff3e2ac9bafc99e6a9a7dc3547996c5c816922c"

[[package]]
name = "selectors"
version = "0.27.0"
source = "registry+https://github.com/rust-lang/crates.io-index"
checksum = "5b75e048a93e14929e68e37b82e207db957cbb368375a80ed3ca28ac75080856"
dependencies = [
 "bitflags",
 "cssparser",
 "derive_more",
 "fxhash",
 "log",
 "new_debug_unreachable",
 "phf",
 "phf_codegen",
 "precomputed-hash",
 "servo_arc",
 "smallvec",
]

[[package]]
name = "serde"
version = "1.0.217"
source = "registry+https://github.com/rust-lang/crates.io-index"
checksum = "02fc4265df13d6fa1d00ecff087228cc0a2b5f3c0e87e258d8b94a156e984c70"
dependencies = [
 "serde_derive",
]

[[package]]
name = "serde-wasm-bindgen"
version = "0.4.5"
source = "registry+https://github.com/rust-lang/crates.io-index"
checksum = "e3b4c031cd0d9014307d82b8abf653c0290fbdaeb4c02d00c63cf52f728628bf"
dependencies = [
 "js-sys",
 "serde",
 "wasm-bindgen",
]

[[package]]
name = "serde_derive"
version = "1.0.217"
source = "registry+https://github.com/rust-lang/crates.io-index"
checksum = "5a9bf7cf98d04a2b28aead066b7496853d4779c9cc183c440dbac457641e19a0"
dependencies = [
 "proc-macro2",
 "quote",
 "syn",
]

[[package]]
name = "servo_arc"
version = "0.4.0"
source = "registry+https://github.com/rust-lang/crates.io-index"
checksum = "ae65c4249478a2647db249fb43e23cec56a2c8974a427e7bd8cb5a1d0964921a"
dependencies = [
 "stable_deref_trait",
]

[[package]]
name = "siphasher"
version = "1.0.1"
source = "registry+https://github.com/rust-lang/crates.io-index"
checksum = "56199f7ddabf13fe5074ce809e7d3f42b42ae711800501b5b16ea82ad029c39d"

[[package]]
name = "smallvec"
version = "1.13.2"
source = "registry+https://github.com/rust-lang/crates.io-index"
checksum = "3c5e1a9a646d36c3599cd173a41282daf47c44583ad367b8e6837255952e5c67"

[[package]]
name = "stable_deref_trait"
version = "1.2.0"
source = "registry+https://github.com/rust-lang/crates.io-index"
checksum = "a8f112729512f8e442d81f95a8a7ddf2b7c6b8a1a6f509a95864142b30cab2d3"

[[package]]
name = "syn"
version = "2.0.94"
source = "registry+https://github.com/rust-lang/crates.io-index"
checksum = "987bc0be1cdea8b10216bd06e2ca407d40b9543468fafd3ddfb02f36e77f71f3"
dependencies = [
 "proc-macro2",
 "quote",
 "unicode-ident",
]

[[package]]
name = "thiserror"
version = "2.0.9"
source = "registry+https://github.com/rust-lang/crates.io-index"
checksum = "f072643fd0190df67a8bab670c20ef5d8737177d6ac6b2e9a236cb096206b2cc"
dependencies = [
 "thiserror-impl",
]

[[package]]
name = "thiserror-impl"
version = "2.0.9"
source = "registry+https://github.com/rust-lang/crates.io-index"
checksum = "7b50fa271071aae2e6ee85f842e2e28ba8cd2c5fb67f11fcb1fd70b276f9e7d4"
dependencies = [
 "proc-macro2",
 "quote",
 "syn",
]

[[package]]
name = "unicode-ident"
version = "1.0.14"
source = "registry+https://github.com/rust-lang/crates.io-index"
checksum = "adb9e6ca4f869e1180728b7950e35922a7fc6397f7b641499e8f3ef06e50dc83"

[[package]]
name = "wasm-bindgen"
version = "0.2.99"
source = "registry+https://github.com/rust-lang/crates.io-index"
checksum = "a474f6281d1d70c17ae7aa6a613c87fce69a127e2624002df63dcb39d6cf6396"
dependencies = [
 "cfg-if",
 "once_cell",
 "wasm-bindgen-macro",
]

[[package]]
name = "wasm-bindgen-backend"
version = "0.2.99"
source = "registry+https://github.com/rust-lang/crates.io-index"
checksum = "5f89bb38646b4f81674e8f5c3fb81b562be1fd936d84320f3264486418519c79"
dependencies = [
 "bumpalo",
 "log",
 "proc-macro2",
 "quote",
 "syn",
 "wasm-bindgen-shared",
]

[[package]]
name = "wasm-bindgen-macro"
version = "0.2.99"
source = "registry+https://github.com/rust-lang/crates.io-index"
checksum = "2cc6181fd9a7492eef6fef1f33961e3695e4579b9872a6f7c83aee556666d4fe"
dependencies = [
 "quote",
 "wasm-bindgen-macro-support",
]

[[package]]
name = "wasm-bindgen-macro-support"
version = "0.2.99"
source = "registry+https://github.com/rust-lang/crates.io-index"
checksum = "30d7a95b763d3c45903ed6c81f156801839e5ee968bb07e534c44df0fcd330c2"
dependencies = [
 "proc-macro2",
 "quote",
 "syn",
 "wasm-bindgen-backend",
 "wasm-bindgen-shared",
]

[[package]]
name = "wasm-bindgen-shared"
version = "0.2.99"
source = "registry+https://github.com/rust-lang/crates.io-index"
checksum = "943aab3fdaaa029a6e0271b35ea10b72b943135afe9bffca82384098ad0e06a6"
